
Microsoft Visual Studio Solution File, Format Version 12.00
# Visual Studio Version 17
VisualStudioVersion = 17.8.34511.84
MinimumVisualStudioVersion = 10.0.40219.1
Project("{9A19103F-16F7-4668-BE54-9A1E7A4F7556}") = "Mir 4 Launcher", "Mir 4 Launcher.csproj", "{91D093D1-DB66-4F0B-9C99-C105E90F56CC}"
EndProject
Project("{9A19103F-16F7-4668-BE54-9A1E7A4F7556}") = "Server Console", "..\..\Server Console\Server Console.csproj", "{2B7EEE0A-3D0E-4C6D-A327-94346F0195FF}"
EndProject
Global
	GlobalSection(SolutionConfigurationPlatforms) = preSolution
		Debug|Any CPU = Debug|Any CPU
		Release|Any CPU = Release|Any CPU
	EndGlobalSection
	GlobalSection(ProjectConfigurationPlatforms) = postSolution
		{91D093D1-DB66-4F0B-9C99-C105E90F56CC}.Debug|Any CPU.ActiveCfg = Debug|Any CPU
		{91D093D1-DB66-4F0B-9C99-C105E90F56CC}.Debug|Any CPU.Build.0 = Debug|Any CPU
		{91D093D1-DB66-4F0B-9C99-C105E90F56CC}.Release|Any CPU.ActiveCfg = Release|Any CPU
		{91D093D1-DB66-4F0B-9C99-C105E90F56CC}.Release|Any CPU.Build.0 = Release|Any CPU
		{2B7EEE0A-3D0E-4C6D-A327-94346F0195FF}.Debug|Any CPU.ActiveCfg = Debug|Any CPU
		{2B7EEE0A-3D0E-4C6D-A327-94346F0195FF}.Debug|Any CPU.Build.0 = Debug|Any CPU
		{2B7EEE0A-3D0E-4C6D-A327-94346F0195FF}.Release|Any CPU.ActiveCfg = Release|Any CPU
		{2B7EEE0A-3D0E-4C6D-A327-94346F0195FF}.Release|Any CPU.Build.0 = Release|Any CPU
	EndGlobalSection
	GlobalSection(SolutionProperties) = preSolution
		HideSolutionNode = FALSE
	EndGlobalSection
	GlobalSection(ExtensibilityGlobals) = postSolution
		SolutionGuid = {2BC84F28-1DBF-487B-AFA5-968895641388}
	EndGlobalSection
EndGlobal
